
Microsoft Visual Studio Solution File, Format Version 12.00
# Visual Studio Version 16
VisualStudioVersion = 16.0.30503.244
MinimumVisualStudioVersion = 10.0.40219.1
Project("{FAE04EC0-301F-11D3-BF4B-00C04F79EFBC}") = "MonthlyContribution", "MonthlyContribution\MonthlyContribution.csproj", "{A07EBB02-B486-4675-88FB-2278F4E98F99}"
EndProject
Global
	GlobalSection(SolutionConfigurationPlatforms) = preSolution
		Debug|Any CPU = Debug|Any CPU
		Release|Any CPU = Release|Any CPU
	EndGlobalSection
	GlobalSection(ProjectConfigurationPlatforms) = postSolution
		{A07EBB02-B486-4675-88FB-2278F4E98F99}.Debug|Any CPU.ActiveCfg = Release|Any CPU
		{A07EBB02-B486-4675-88FB-2278F4E98F99}.Debug|Any CPU.Build.0 = Release|Any CPU
		{A07EBB02-B486-4675-88FB-2278F4E98F99}.Release|Any CPU.ActiveCfg = Release|Any CPU
		{A07EBB02-B486-4675-88FB-2278F4E98F99}.Release|Any CPU.Build.0 = Release|Any CPU
	EndGlobalSection
	GlobalSection(SolutionProperties) = preSolution
		HideSolutionNode = FALSE
	EndGlobalSection
	GlobalSection(ExtensibilityGlobals) = postSolution
		SolutionGuid = {15DD51AD-4AED-4E36-99C4-86260995841B}
	EndGlobalSection
EndGlobal
